{
  "name": "radar-p5",
  "version": "1.0.0",
  "lockfileVersion": 1,
  "requires": true,
  "dependencies": {
    "p5": {
      "version": "1.1.2",
      "resolved": "https://registry.npmjs.org/p5/-/p5-1.1.2.tgz",
      "integrity": "sha512-+I09brz4hwis9u4k7BFc3QOhY9uuYwWU+BAj0fpEEvXnwZSpC8yn3LU99sWsSCRKkWbBnLi1fmUGj2mZAIN+dA=="
    }
  }
}
